// !$*UTF8*$!
{
	archiveVersion = 1;
	classes = {
	};
	objectVersion = 56;
	objects = {

/* Begin PBXBuildFile section */
		185839152AEA33EE00AA7D3E /* AppDelegate.swift in Sources */ = {isa = PBXBuildFile; fileRef = 185839142AEA33EE00AA7D3E /* AppDelegate.swift */; };
		185839172AEA33EE00AA7D3E /* SceneDelegate.swift in Sources */ = {isa = PBXBuildFile; fileRef = 185839162AEA33EE00AA7D3E /* SceneDelegate.swift */; };
		185839192AEA33EE00AA7D3E /* ViewController.swift in Sources */ = {isa = PBXBuildFile; fileRef = 185839182AEA33EE00AA7D3E /* ViewController.swift */; };
		1858391C2AEA33EE00AA7D3E /* Main.storyboard in Resources */ = {isa = PBXBuildFile; fileRef = 1858391A2AEA33EE00AA7D3E /* Main.storyboard */; };
		1858391E2AEA33F100AA7D3E /* Assets.xcassets in Resources */ = {isa = PBXBuildFile; fileRef = 1858391D2AEA33F100AA7D3E /* Assets.xcassets */; };
		185839212AEA33F100AA7D3E /* LaunchScreen.storyboard in Resources */ = {isa = PBXBuildFile; fileRef = 1858391F2AEA33F100AA7D3E /* LaunchScreen.storyboard */; };
		1858392C2AEA33F100AA7D3E /* firstTests.swift in Sources */ = {isa = PBXBuildFile; fileRef = 1858392B2AEA33F100AA7D3E /* firstTests.swift */; };
		185839362AEA33F100AA7D3E /* firstUITests.swift in Sources */ = {isa = PBXBuildFile; fileRef = 185839352AEA33F100AA7D3E /* firstUITests.swift */; };
		185839382AEA33F100AA7D3E /* firstUITestsLaunchTests.swift in Sources */ = {isa = PBXBuildFile; fileRef = 185839372AEA33F100AA7D3E /* firstUITestsLaunchTests.swift */; };
		18E8BF9E2AF377FD00C9CB11 /* firstViewController.swift in Sources */ = {isa = PBXBuildFile; fileRef = 18E8BF9D2AF377FD00C9CB11 /* firstViewController.swift */; };
		18E8BFA02AF3781400C9CB11 /* secondViewController.swift in Sources */ = {isa = PBXBuildFile; fileRef = 18E8BF9F2AF3781400C9CB11 /* secondViewController.swift */; };
		18E8BFA32AF379EB00C9CB11 /* video.mp4 in Resources */ = {isa = PBXBuildFile; fileRef = 18E8BFA12AF379EB00C9CB11 /* video.mp4 */; };
		18E8BFA42AF379EB00C9CB11 /* song.mp3 in Resources */ = {isa = PBXBuildFile; fileRef = 18E8BFA22AF379EB00C9CB11 /* song.mp3 */; };
		18E8BFA62AF37C4A00C9CB11 /* img.jpeg in Resources */ = {isa = PBXBuildFile; fileRef = 18E8BFA52AF37C4A00C9CB11 /* img.jpeg */; };
/* End PBXBuildFile section */

/* Begin PBXContainerItemProxy section */
		185839282AEA33F100AA7D3E /* PBXContainerItemProxy */ = {
			isa = PBXContainerItemProxy;
			containerPortal = 185839092AEA33EE00AA7D3E /* Project object */;
			proxyType = 1;
			remoteGlobalIDString = 185839102AEA33EE00AA7D3E;
			remoteInfo = first;
		};
		185839322AEA33F100AA7D3E /* PBXContainerItemProxy */ = {
			isa = PBXContainerItemProxy;
			containerPortal = 185839092AEA33EE00AA7D3E /* Project object */;
			proxyType = 1;
			remoteGlobalIDString = 185839102AEA33EE00AA7D3E;
			remoteInfo = first;
		};
/* End PBXContainerItemProxy section */

/* Begin PBXFileReference section */
		185839112AEA33EE00AA7D3E /* first.app */ = {isa = PBXFileReference; explicitFileType = wrapper.application; includeInIndex = 0; path = first.app; sourceTree = BUILT_PRODUCTS_DIR; };
		185839142AEA33EE00AA7D3E /* AppDelegate.swift */ = {isa = PBXFileReference; lastKnownFileType = sourcecode.swift; path = AppDelegate.swift; sourceTree = "<group>"; };
		185839162AEA33EE00AA7D3E /* SceneDelegate.swift */ = {isa = PBXFileReference; lastKnownFileType = sourcecode.swift; path = SceneDelegate.swift; sourceTree = "<group>"; };
		185839182AEA33EE00AA7D3E /* ViewController.swift */ = {isa = PBXFileReference; lastKnownFileType = sourcecode.swift; path = ViewController.swift; sourceTree = "<group>"; };
		1858391B2AEA33EE00AA7D3E /* Base */ = {isa = PBXFileReference; lastKnownFileType = file.storyboard; name = Base; path = Base.lproj/Main.storyboard; sourceTree = "<group>"; };
		1858391D2AEA33F100AA7D3E /* Assets.xcassets */ = {isa = PBXFileReference; lastKnownFileType = folder.assetcatalog; path = Assets.xcassets; sourceTree = "<group>"; };
		185839202AEA33F100AA7D3E /* Base */ = {isa = PBXFileReference; lastKnownFileType = file.storyboard; name = Base; path = Base.lproj/LaunchScreen.storyboard; sourceTree = "<group>"; };
		185839222AEA33F100AA7D3E /* Info.plist */ = {isa = PBXFileReference; lastKnownFileType = text.plist.xml; path = Info.plist; sourceTree = "<group>"; };
		185839272AEA33F100AA7D3E /* firstTests.xctest */ = {isa = PBXFileReference; explicitFileType = wrapper.cfbundle; includeInIndex = 0; path = firstTests.xctest; sourceTree = BUILT_PRODUCTS_DIR; };
		1858392B2AEA33F100AA7D3E /* firstTests.swift */ = {isa = PBXFileReference; lastKnownFileType = sourcecode.swift; path = firstTests.swift; sourceTree = "<group>"; };
		185839312AEA33F100AA7D3E /* firstUITests.xctest */ = {isa = PBXFileReference; explicitFileType = wrapper.cfbundle; includeInIndex = 0; path = firstUITests.xctest; sourceTree = BUILT_PRODUCTS_DIR; };
		185839352AEA33F100AA7D3E /* firstUITests.swift */ = {isa = PBXFileReference; lastKnownFileType = sourcecode.swift; path = firstUITests.swift; sourceTree = "<group>"; };
		185839372AEA33F100AA7D3E /* firstUITestsLaunchTests.swift */ = {isa = PBXFileReference; lastKnownFileType = sourcecode.swift; path = firstUITestsLaunchTests.swift; sourceTree = "<group>"; };
		18E8BF9D2AF377FD00C9CB11 /* firstViewController.swift */ = {isa = PBXFileReference; lastKnownFileType = sourcecode.swift; path = firstViewController.swift; sourceTree = "<group>"; };
		18E8BF9F2AF3781400C9CB11 /* secondViewController.swift */ = {isa = PBXFileReference; lastKnownFileType = sourcecode.swift; path = secondViewController.swift; sourceTree = "<group>"; };
		18E8BFA12AF379EB00C9CB11 /* video.mp4 */ = {isa = PBXFileReference; lastKnownFileType = file; name = video.mp4; path = ../../../Downloads/video.mp4; sourceTree = "<group>"; };
		18E8BFA22AF379EB00C9CB11 /* song.mp3 */ = {isa = PBXFileReference; lastKnownFileType = audio.mp3; name = song.mp3; path = ../../../Downloads/song.mp3; sourceTree = "<group>"; };
		18E8BFA52AF37C4A00C9CB11 /* img.jpeg */ = {isa = PBXFileReference; lastKnownFileType = image.jpeg; name = img.jpeg; path = ../../../Downloads/img.jpeg; sourceTree = "<group>"; };
/* End PBXFileReference section */

/* Begin PBXFrameworksBuildPhase section */
		1858390E2AEA33EE00AA7D3E /* Frameworks */ = {
			isa = PBXFrameworksBuildPhase;
			buildActionMask = 2147483647;
			files = (
			);
			runOnlyForDeploymentPostprocessing = 0;
		};
		185839242AEA33F100AA7D3E /* Frameworks */ = {
			isa = PBXFrameworksBuildPhase;
			buildActionMask = 2147483647;
			files = (
			);
			runOnlyForDeploymentPostprocessing = 0;
		};
		1858392E2AEA33F100AA7D3E /* Frameworks */ = {
			isa = PBXFrameworksBuildPhase;
			buildActionMask = 2147483647;
			files = (
			);
			runOnlyForDeploymentPostprocessing = 0;
		};
/* End PBXFrameworksBuildPhase section */

/* Begin PBXGroup section */
		185839082AEA33EE00AA7D3E = {
			isa = PBXGroup;
			children = (
				185839132AEA33EE00AA7D3E /* first */,
				1858392A2AEA33F100AA7D3E /* firstTests */,
				185839342AEA33F100AA7D3E /* firstUITests */,
				185839122AEA33EE00AA7D3E /* Products */,
			);
			sourceTree = "<group>";
		};
		185839122AEA33EE00AA7D3E /* Products */ = {
			isa = PBXGroup;
			children = (
				185839112AEA33EE00AA7D3E /* first.app */,
				185839272AEA33F100AA7D3E /* firstTests.xctest */,
				185839312AEA33F100AA7D3E /* firstUITests.xctest */,
			);
			name = Products;
			sourceTree = "<group>";
		};
		185839132AEA33EE00AA7D3E /* first */ = {
			isa = PBXGroup;
			children = (
				185839142AEA33EE00AA7D3E /* AppDelegate.swift */,
				185839162AEA33EE00AA7D3E /* SceneDelegate.swift */,
				185839182AEA33EE00AA7D3E /* ViewController.swift */,
				1858391A2AEA33EE00AA7D3E /* Main.storyboard */,
				1858391D2AEA33F100AA7D3E /* Assets.xcassets */,
				18E8BFA52AF37C4A00C9CB11 /* img.jpeg */,
				18E8BFA22AF379EB00C9CB11 /* song.mp3 */,
				18E8BFA12AF379EB00C9CB11 /* video.mp4 */,
				1858391F2AEA33F100AA7D3E /* LaunchScreen.storyboard */,
				185839222AEA33F100AA7D3E /* Info.plist */,
				18E8BF9D2AF377FD00C9CB11 /* firstViewController.swift */,
				18E8BF9F2AF3781400C9CB11 /* secondViewController.swift */,
			);
			path = first;
			sourceTree = "<group>";
		};
		1858392A2AEA33F100AA7D3E /* firstTests */ = {
			isa = PBXGroup;
			children = (
				1858392B2AEA33F100AA7D3E /* firstTests.swift */,
			);
			path = firstTests;
			sourceTree = "<group>";
		};
		185839342AEA33F100AA7D3E /* firstUITests */ = {
			isa = PBXGroup;
			children = (
				185839352AEA33F100AA7D3E /* firstUITests.swift */,
				185839372AEA33F100AA7D3E /* firstUITestsLaunchTests.swift */,
			);
			path = firstUITests;
			sourceTree = "<group>";
		};
/* End PBXGroup section */

/* Begin PBXNativeTarget section */
		185839102AEA33EE00AA7D3E /* first */ = {
			isa = PBXNativeTarget;
			buildConfigurationList = 1858393B2AEA33F100AA7D3E /* Build configuration list for PBXNativeTarget "first" */;
			buildPhases = (
				1858390D2AEA33EE00AA7D3E /* Sources */,
				1858390E2AEA33EE00AA7D3E /* Frameworks */,
				1858390F2AEA33EE00AA7D3E /* Resources */,
			);
			buildRules = (
			);
			dependencies = (
			);
			name = first;
			productName = first;
			productReference = 185839112AEA33EE00AA7D3E /* first.app */;
			productType = "com.apple.product-type.application";
		};
		185839262AEA33F100AA7D3E /* firstTests */ = {
			isa = PBXNativeTarget;
			buildConfigurationList = 1858393E2AEA33F100AA7D3E /* Build configuration list for PBXNativeTarget "firstTests" */;
			buildPhases = (
				185839232AEA33F100AA7D3E /* Sources */,
				185839242AEA33F100AA7D3E /* Frameworks */,
				185839252AEA33F100AA7D3E /* Resources */,
			);
			buildRules = (
			);
			dependencies = (
				185839292AEA33F100AA7D3E /* PBXTargetDependency */,
			);
			name = firstTests;
			productName = firstTests;
			productReference = 185839272AEA33F100AA7D3E /* firstTests.xctest */;
			productType = "com.apple.product-type.bundle.unit-test";
		};
		185839302AEA33F100AA7D3E /* firstUITests */ = {
			isa = PBXNativeTarget;
			buildConfigurationList = 185839412AEA33F100AA7D3E /* Build configuration list for PBXNativeTarget "firstUITests" */;
			buildPhases = (
				1858392D2AEA33F100AA7D3E /* Sources */,
				1858392E2AEA33F100AA7D3E /* Frameworks */,
				1858392F2AEA33F100AA7D3E /* Resources */,
			);
			buildRules = (
			);
			dependencies = (
				185839332AEA33F100AA7D3E /* PBXTargetDependency */,
			);
			name = firstUITests;
			productName = firstUITests;
			productReference = 185839312AEA33F100AA7D3E /* firstUITests.xctest */;
			productType = "com.apple.product-type.bundle.ui-testing";
		};
/* End PBXNativeTarget section */

/* Begin PBXProject section */
		185839092AEA33EE00AA7D3E /* Project object */ = {
			isa = PBXProject;
			attributes = {
				BuildIndependentTargetsInParallel = 1;
				LastSwiftUpdateCheck = 1500;
				LastUpgradeCheck = 1500;
				TargetAttributes = {
					185839102AEA33EE00AA7D3E = {
						CreatedOnToolsVersion = 15.0;
					};
					185839262AEA33F100AA7D3E = {
						CreatedOnToolsVersion = 15.0;
						TestTargetID = 185839102AEA33EE00AA7D3E;
					};
					185839302AEA33F100AA7D3E = {
						CreatedOnToolsVersion = 15.0;
						TestTargetID = 185839102AEA33EE00AA7D3E;
					};
				};
			};
			buildConfigurationList = 1858390C2AEA33EE00AA7D3E /* Build configuration list for PBXProject "first" */;
			compatibilityVersion = "Xcode 14.0";
			developmentRegion = en;
			hasScannedForEncodings = 0;
			knownRegions = (
				en,
				Base,
			);
			mainGroup = 185839082AEA33EE00AA7D3E;
			productRefGroup = 185839122AEA33EE00AA7D3E /* Products */;
			projectDirPath = "";
			projectRoot = "";
			targets = (
				185839102AEA33EE00AA7D3E /* first */,
				185839262AEA33F100AA7D3E /* firstTests */,
				185839302AEA33F100AA7D3E /* firstUITests */,
			);
		};
/* End PBXProject section */

/* Begin PBXResourcesBuildPhase section */
		1858390F2AEA33EE00AA7D3E /* Resources */ = {
			isa = PBXResourcesBuildPhase;
			buildActionMask = 2147483647;
			files = (
				185839212AEA33F100AA7D3E /* LaunchScreen.storyboard in Resources */,
				18E8BFA42AF379EB00C9CB11 /* song.mp3 in Resources */,
				1858391E2AEA33F100AA7D3E /* Assets.xcassets in Resources */,
				1858391C2AEA33EE00AA7D3E /* Main.storyboard in Resources */,
				18E8BFA32AF379EB00C9CB11 /* video.mp4 in Resources */,
				18E8BFA62AF37C4A00C9CB11 /* img.jpeg in Resources */,
			);
			runOnlyForDeploymentPostprocessing = 0;
		};
		185839252AEA33F100AA7D3E /* Resources */ = {
			isa = PBXResourcesBuildPhase;
			buildActionMask = 2147483647;
			files = (
			);
			runOnlyForDeploymentPostprocessing = 0;
		};
		1858392F2AEA33F100AA7D3E /* Resources */ = {
			isa = PBXResourcesBuildPhase;
			buildActionMask = 2147483647;
			files = (
			);
			runOnlyForDeploymentPostprocessing = 0;
		};
/* End PBXResourcesBuildPhase section */

/* Begin PBXSourcesBuildPhase section */
		1858390D2AEA33EE00AA7D3E /* Sources */ = {
			isa = PBXSourcesBuildPhase;
			buildActionMask = 2147483647;
			files = (
				185839192AEA33EE00AA7D3E /* ViewController.swift in Sources */,
				185839152AEA33EE00AA7D3E /* AppDelegate.swift in Sources */,
				185839172AEA33EE00AA7D3E /* SceneDelegate.swift in Sources */,
				18E8BFA02AF3781400C9CB11 /* secondViewController.swift in Sources */,
				18E8BF9E2AF377FD00C9CB11 /* firstViewController.swift in Sources */,
			);
			runOnlyForDeploymentPostprocessing = 0;
		};
		185839232AEA33F100AA7D3E /* Sources */ = {
			isa = PBXSourcesBuildPhase;
			buildActionMask = 2147483647;
			files = (
				1858392C2AEA33F100AA7D3E /* firstTests.swift in Sources */,
			);
			runOnlyForDeploymentPostprocessing = 0;
		};
		1858392D2AEA33F100AA7D3E /* Sources */ = {
			isa = PBXSourcesBuildPhase;
			buildActionMask = 2147483647;
			files = (
				185839362AEA33F100AA7D3E /* firstUITests.swift in Sources */,
				185839382AEA33F100AA7D3E /* firstUITestsLaunchTests.swift in Sources */,
			);
			runOnlyForDeploymentPostprocessing = 0;
		};
/* End PBXSourcesBuildPhase section */

/* Begin PBXTargetDependency section */
		185839292AEA33F100AA7D3E /* PBXTargetDependency */ = {
			isa = PBXTargetDependency;
			target = 185839102AEA33EE00AA7D3E /* first */;
			targetProxy = 185839282AEA33F100AA7D3E /* PBXContainerItemProxy */;
		};
		185839332AEA33F100AA7D3E /* PBXTargetDependency */ = {
			isa = PBXTargetDependency;
			target = 185839102AEA33EE00AA7D3E /* first */;
			targetProxy = 185839322AEA33F100AA7D3E /* PBXContainerItemProxy */;
		};
/* End PBXTargetDependency section */

/* Begin PBXVariantGroup section */
		1858391A2AEA33EE00AA7D3E /* Main.storyboard */ = {
			isa = PBXVariantGroup;
			children = (
				1858391B2AEA33EE00AA7D3E /* Base */,
			);
			name = Main.storyboard;
			sourceTree = "<group>";
		};
		1858391F2AEA33F100AA7D3E /* LaunchScreen.storyboard */ = {
			isa = PBXVariantGroup;
			children = (
				185839202AEA33F100AA7D3E /* Base */,
			);
			name = LaunchScreen.storyboard;
			sourceTree = "<group>";
		};
/* End PBXVariantGroup section */

/* Begin XCBuildConfiguration section */
		185839392AEA33F100AA7D3E /* Debug */ = {
			isa = XCBuildConfiguration;
			buildSettings = {
				ALWAYS_SEARCH_USER_PATHS = NO;
				ASSETCATALOG_COMPILER_GENERATE_SWIFT_ASSET_SYMBOL_EXTENSIONS = YES;
				CLANG_ANALYZER_NONNULL = YES;
				CLANG_ANALYZER_NUMBER_OBJECT_CONVERSION = YES_AGGRESSIVE;
				CLANG_CXX_LANGUAGE_STANDARD = "gnu++20";
				CLANG_ENABLE_MODULES = YES;
				CLANG_ENABLE_OBJC_ARC = YES;
				CLANG_ENABLE_OBJC_WEAK = YES;
				CLANG_WARN_BLOCK_CAPTURE_AUTORELEASING = YES;
				CLANG_WARN_BOOL_CONVERSION = YES;
				CLANG_WARN_COMMA = YES;
				CLANG_WARN_CONSTANT_CONVERSION = YES;
				CLANG_WARN_DEPRECATED_OBJC_IMPLEMENTATIONS = YES;
				CLANG_WARN_DIRECT_OBJC_ISA_USAGE = YES_ERROR;
				CLANG_WARN_DOCUMENTATION_COMMENTS = YES;
				CLANG_WARN_EMPTY_BODY = YES;
				CLANG_WARN_ENUM_CONVERSION = YES;
				CLANG_WARN_INFINITE_RECURSION = YES;
				CLANG_WARN_INT_CONVERSION = YES;
				CLANG_WARN_NON_LITERAL_NULL_CONVERSION = YES;
				CLANG_WARN_OBJC_IMPLICIT_RETAIN_SELF = YES;
				CLANG_WARN_OBJC_LITERAL_CONVERSION = YES;
				CLANG_WARN_OBJC_ROOT_CLASS = YES_ERROR;
				CLANG_WARN_QUOTED_INCLUDE_IN_FRAMEWORK_HEADER = YES;
				CLANG_WARN_RANGE_LOOP_ANALYSIS = YES;
				CLANG_WARN_STRICT_PROTOTYPES = YES;
				CLANG_WARN_SUSPICIOUS_MOVE = YES;
				CLANG_WARN_UNGUARDED_AVAILABILITY = YES_AGGRESSIVE;
				CLANG_WARN_UNREACHABLE_CODE = YES;
				CLANG_WARN__DUPLICATE_METHOD_MATCH = YES;
				COPY_PHASE_STRIP = NO;
				DEBUG_INFORMATION_FORMAT = dwarf;
				ENABLE_STRICT_OBJC_MSGSEND = YES;
				ENABLE_TESTABILITY = YES;
				ENABLE_USER_SCRIPT_SANDBOXING = YES;
				GCC_C_LANGUAGE_STANDARD = gnu17;
				GCC_DYNAMIC_NO_PIC = NO;
				GCC_NO_COMMON_BLOCKS = YES;
				GCC_OPTIMIZATION_LEVEL = 0;
				GCC_PREPROCESSOR_DEFINITIONS = (
					"DEBUG=1",
					"$(inherited)",
				);
				GCC_WARN_64_TO_32_BIT_CONVERSION = YES;
				GCC_WARN_ABOUT_RETURN_TYPE = YES_ERROR;
				GCC_WARN_UNDECLARED_SELECTOR = YES;
				GCC_WARN_UNINITIALIZED_AUTOS = YES_AGGRESSIVE;
				GCC_WARN_UNUSED_FUNCTION = YES;
				GCC_WARN_UNUSED_VARIABLE = YES;
				IPHONEOS_DEPLOYMENT_TARGET = 17.0;
				LOCALIZATION_PREFERS_STRING_CATALOGS = YES;
				MTL_ENABLE_DEBUG_INFO = INCLUDE_SOURCE;
				MTL_FAST_MATH = YES;
				ONLY_ACTIVE_ARCH = YES;
				SDKROOT = iphoneos;
				SWIFT_ACTIVE_COMPILATION_CONDITIONS = "DEBUG $(inherited)";
				SWIFT_OPTIMIZATION_LEVEL = "-Onone";
			};
			name = Debug;
		};
		1858393A2AEA33F100AA7D3E /* Release */ = {
			isa = XCBuildConfiguration;
			buildSettings = {
				ALWAYS_SEARCH_USER_PATHS = NO;
				ASSETCATALOG_COMPILER_GENERATE_SWIFT_ASSET_SYMBOL_EXTENSIONS = YES;
				CLANG_ANALYZER_NONNULL = YES;
				CLANG_ANALYZER_NUMBER_OBJECT_CONVERSION = YES_AGGRESSIVE;
				CLANG_CXX_LANGUAGE_STANDARD = "gnu++20";
				CLANG_ENABLE_MODULES = YES;
				CLANG_ENABLE_OBJC_ARC = YES;
				CLANG_ENABLE_OBJC_WEAK = YES;
				CLANG_WARN_BLOCK_CAPTURE_AUTORELEASING = YES;
				CLANG_WARN_BOOL_CONVERSION = YES;
				CLANG_WARN_COMMA = YES;
				CLANG_WARN_CONSTANT_CONVERSION = YES;
				CLANG_WARN_DEPRECATED_OBJC_IMPLEMENTATIONS = YES;
				CLANG_WARN_DIRECT_OBJC_ISA_USAGE = YES_ERROR;
				CLANG_WARN_DOCUMENTATION_COMMENTS = YES;
				CLANG_WARN_EMPTY_BODY = YES;
				CLANG_WARN_ENUM_CONVERSION = YES;
				CLANG_WARN_INFINITE_RECURSION = YES;
				CLANG_WARN_INT_CONVERSION = YES;
				CLANG_WARN_NON_LITERAL_NULL_CONVERSION = YES;
				CLANG_WARN_OBJC_IMPLICIT_RETAIN_SELF = YES;
				CLANG_WARN_OBJC_LITERAL_CONVERSION = YES;
				CLANG_WARN_OBJC_ROOT_CLASS = YES_ERROR;
				CLANG_WARN_QUOTED_INCLUDE_IN_FRAMEWORK_HEADER = YES;
				CLANG_WARN_RANGE_LOOP_ANALYSIS = YES;
				CLANG_WARN_STRICT_PROTOTYPES = YES;
				CLANG_WARN_SUSPICIOUS_MOVE = YES;
				CLANG_WARN_UNGUARDED_AVAILABILITY = YES_AGGRESSIVE;
				CLANG_WARN_UNREACHABLE_CODE = YES;
				CLANG_WARN__DUPLICATE_METHOD_MATCH = YES;
				COPY_PHASE_STRIP = NO;
				DEBUG_INFORMATION_FORMAT = "dwarf-with-dsym";
				ENABLE_NS_ASSERTIONS = NO;
				ENABLE_STRICT_OBJC_MSGSEND = YES;
				ENABLE_USER_SCRIPT_SANDBOXING = YES;
				GCC_C_LANGUAGE_STANDARD = gnu17;
				GCC_NO_COMMON_BLOCKS = YES;
				GCC_WARN_64_TO_32_BIT_CONVERSION = YES;
				GCC_WARN_ABOUT_RETURN_TYPE = YES_ERROR;
				GCC_WARN_UNDECLARED_SELECTOR = YES;
				GCC_WARN_UNINITIALIZED_AUTOS = YES_AGGRESSIVE;
				GCC_WARN_UNUSED_FUNCTION = YES;
				GCC_WARN_UNUSED_VARIABLE = YES;
				IPHONEOS_DEPLOYMENT_TARGET = 17.0;
				LOCALIZATION_PREFERS_STRING_CATALOGS = YES;
				MTL_ENABLE_DEBUG_INFO = NO;
				MTL_FAST_MATH = YES;
				SDKROOT = iphoneos;
				SWIFT_COMPILATION_MODE = wholemodule;
				VALIDATE_PRODUCT = YES;
			};
			name = Release;
		};
		1858393C2AEA33F100AA7D3E /* Debug */ = {
			isa = XCBuildConfiguration;
			buildSettings = {
				ASSETCATALOG_COMPILER_APPICON_NAME = AppIcon;
				ASSETCATALOG_COMPILER_GLOBAL_ACCENT_COLOR_NAME = AccentColor;
				CODE_SIGN_STYLE = Automatic;
				CURRENT_PROJECT_VERSION = 1;
				GENERATE_INFOPLIST_FILE = YES;
				INFOPLIST_FILE = first/Info.plist;
				INFOPLIST_KEY_UIApplicationSupportsIndirectInputEvents = YES;
				INFOPLIST_KEY_UILaunchStoryboardName = LaunchScreen;
				INFOPLIST_KEY_UIMainStoryboardFile = Main;
				INFOPLIST_KEY_UISupportedInterfaceOrientations_iPad = "UIInterfaceOrientationPortrait UIInterfaceOrientationPortraitUpsideDown UIInterfaceOrientationLandscapeLeft UIInterfaceOrientationLandscapeRight";
				INFOPLIST_KEY_UISupportedInterfaceOrientations_iPhone = "UIInterfaceOrientationPortrait UIInterfaceOrientationLandscapeLeft UIInterfaceOrientationLandscapeRight";
				LD_RUNPATH_SEARCH_PATHS = (
					"$(inherited)",
					"@executable_path/Frameworks",
				);
				MARKETING_VERSION = 1.0;
				PRODUCT_BUNDLE_IDENTIFIER = IOS.first;
				PRODUCT_NAME = "$(TARGET_NAME)";
				SWIFT_EMIT_LOC_STRINGS = YES;
				SWIFT_VERSION = 5.0;
				TARGETED_DEVICE_FAMILY = "1,2";
			};
			name = Debug;
		};
		1858393D2AEA33F100AA7D3E /* Release */ = {
			isa = XCBuildConfiguration;
			buildSettings = {
				ASSETCATALOG_COMPILER_APPICON_NAME = AppIcon;
				ASSETCATALOG_COMPILER_GLOBAL_ACCENT_COLOR_NAME = AccentColor;
				CODE_SIGN_STYLE = Automatic;
				CURRENT_PROJECT_VERSION = 1;
				GENERATE_INFOPLIST_FILE = YES;
				INFOPLIST_FILE = first/Info.plist;
				INFOPLIST_KEY_UIApplicationSupportsIndirectInputEvents = YES;
				INFOPLIST_KEY_UILaunchStoryboardName = LaunchScreen;
				INFOPLIST_KEY_UIMainStoryboardFile = Main;
				INFOPLIST_KEY_UISupportedInterfaceOrientations_iPad = "UIInterfaceOrientationPortrait UIInterfaceOrientationPortraitUpsideDown UIInterfaceOrientationLandscapeLeft UIInterfaceOrientationLandscapeRight";
				INFOPLIST_KEY_UISupportedInterfaceOrientations_iPhone = "UIInterfaceOrientationPortrait UIInterfaceOrientationLandscapeLeft UIInterfaceOrientationLandscapeRight";
				LD_RUNPATH_SEARCH_PATHS = (
					"$(inherited)",
					"@executable_path/Frameworks",
				);
				MARKETING_VERSION = 1.0;
				PRODUCT_BUNDLE_IDENTIFIER = IOS.first;
				PRODUCT_NAME = "$(TARGET_NAME)";
				SWIFT_EMIT_LOC_STRINGS = YES;
				SWIFT_VERSION = 5.0;
				TARGETED_DEVICE_FAMILY = "1,2";
			};
			name = Release;
		};
		1858393F2AEA33F100AA7D3E /* Debug */ = {
			isa = XCBuildConfiguration;
			buildSettings = {
				ALWAYS_EMBED_SWIFT_STANDARD_LIBRARIES = YES;
				BUNDLE_LOADER = "$(TEST_HOST)";
				CODE_SIGN_STYLE = Automatic;
				CURRENT_PROJECT_VERSION = 1;
				GENERATE_INFOPLIST_FILE = YES;
				IPHONEOS_DEPLOYMENT_TARGET = 17.0;
				MARKETING_VERSION = 1.0;
				PRODUCT_BUNDLE_IDENTIFIER = IOS.firstTests;
				PRODUCT_NAME = "$(TARGET_NAME)";
				SWIFT_EMIT_LOC_STRINGS = NO;
				SWIFT_VERSION = 5.0;
				TARGETED_DEVICE_FAMILY = "1,2";
				TEST_HOST = "$(BUILT_PRODUCTS_DIR)/first.app/$(BUNDLE_EXECUTABLE_FOLDER_PATH)/first";
			};
			name = Debug;
		};
		185839402AEA33F100AA7D3E /* Release */ = {
			isa = XCBuildConfiguration;
			buildSettings = {
				ALWAYS_EMBED_SWIFT_STANDARD_LIBRARIES = YES;
				BUNDLE_LOADER = "$(TEST_HOST)";
				CODE_SIGN_STYLE = Automatic;
				CURRENT_PROJECT_VERSION = 1;
				GENERATE_INFOPLIST_FILE = YES;
				IPHONEOS_DEPLOYMENT_TARGET = 17.0;
				MARKETING_VERSION = 1.0;
				PRODUCT_BUNDLE_IDENTIFIER = IOS.firstTests;
				PRODUCT_NAME = "$(TARGET_NAME)";
				SWIFT_EMIT_LOC_STRINGS = NO;
				SWIFT_VERSION = 5.0;
				TARGETED_DEVICE_FAMILY = "1,2";
				TEST_HOST = "$(BUILT_PRODUCTS_DIR)/first.app/$(BUNDLE_EXECUTABLE_FOLDER_PATH)/first";
			};
			name = Release;
		};
		185839422AEA33F100AA7D3E /* Debug */ = {
			isa = XCBuildConfiguration;
			buildSettings = {
				ALWAYS_EMBED_SWIFT_STANDARD_LIBRARIES = YES;
				CODE_SIGN_STYLE = Automatic;
				CURRENT_PROJECT_VERSION = 1;
				GENERATE_INFOPLIST_FILE = YES;
				MARKETING_VERSION = 1.0;
				PRODUCT_BUNDLE_IDENTIFIER = IOS.firstUITests;
				PRODUCT_NAME = "$(TARGET_NAME)";
				SWIFT_EMIT_LOC_STRINGS = NO;
				SWIFT_VERSION = 5.0;
				TARGETED_DEVICE_FAMILY = "1,2";
				TEST_TARGET_NAME = first;
			};
			name = Debug;
		};
		185839432AEA33F100AA7D3E /* Release */ = {
			isa = XCBuildConfiguration;
			buildSettings = {
				ALWAYS_EMBED_SWIFT_STANDARD_LIBRARIES = YES;
				CODE_SIGN_STYLE = Automatic;
				CURRENT_PROJECT_VERSION = 1;
				GENERATE_INFOPLIST_FILE = YES;
				MARKETING_VERSION = 1.0;
				PRODUCT_BUNDLE_IDENTIFIER = IOS.firstUITests;
				PRODUCT_NAME = "$(TARGET_NAME)";
				SWIFT_EMIT_LOC_STRINGS = NO;
				SWIFT_VERSION = 5.0;
				TARGETED_DEVICE_FAMILY = "1,2";
				TEST_TARGET_NAME = first;
			};
			name = Release;
		};
/* End XCBuildConfiguration section */

/* Begin XCConfigurationList section */
		1858390C2AEA33EE00AA7D3E /* Build configuration list for PBXProject "first" */ = {
			isa = XCConfigurationList;
			buildConfigurations = (
				185839392AEA33F100AA7D3E /* Debug */,
				1858393A2AEA33F100AA7D3E /* Release */,
			);
			defaultConfigurationIsVisible = 0;
			defaultConfigurationName = Release;
		};
		1858393B2AEA33F100AA7D3E /* Build configuration list for PBXNativeTarget "first" */ = {
			isa = XCConfigurationList;
			buildConfigurations = (
				1858393C2AEA33F100AA7D3E /* Debug */,
				1858393D2AEA33F100AA7D3E /* Release */,
			);
			defaultConfigurationIsVisible = 0;
			defaultConfigurationName = Release;
		};
		1858393E2AEA33F100AA7D3E /* Build configuration list for PBXNativeTarget "firstTests" */ = {
			isa = XCConfigurationList;
			buildConfigurations = (
				1858393F2AEA33F100AA7D3E /* Debug */,
				185839402AEA33F100AA7D3E /* Release */,
			);
			defaultConfigurationIsVisible = 0;
			defaultConfigurationName = Release;
		};
		185839412AEA33F100AA7D3E /* Build configuration list for PBXNativeTarget "firstUITests" */ = {
			isa = XCConfigurationList;
			buildConfigurations = (
				185839422AEA33F100AA7D3E /* Debug */,
				185839432AEA33F100AA7D3E /* Release */,
			);
			defaultConfigurationIsVisible = 0;
			defaultConfigurationName = Release;
		};
/* End XCConfigurationList section */
	};
	rootObject = 185839092AEA33EE00AA7D3E /* Project object */;
}
